
Microsoft Visual Studio Solution File, Format Version 12.00
# Visual Studio Version 17
VisualStudioVersion = 17.5.002.0
MinimumVisualStudioVersion = 10.0.40219.1
Project("{9A19103F-16F7-4668-BE54-9A1E7A4F7556}") = "RockPaperScissors", "RockPaperScissors.csproj", "{0C9C648D-9A9F-4267-B2A1-2627F2F946EF}"
EndProject
Global
	GlobalSection(SolutionConfigurationPlatforms) = preSolution
		Debug|Any CPU = Debug|Any CPU
		Release|Any CPU = Release|Any CPU
	EndGlobalSection
	GlobalSection(ProjectConfigurationPlatforms) = postSolution
		{0C9C648D-9A9F-4267-B2A1-2627F2F946EF}.Debug|Any CPU.ActiveCfg = Debug|Any CPU
		{0C9C648D-9A9F-4267-B2A1-2627F2F946EF}.Debug|Any CPU.Build.0 = Debug|Any CPU
		{0C9C648D-9A9F-4267-B2A1-2627F2F946EF}.Release|Any CPU.ActiveCfg = Release|Any CPU
		{0C9C648D-9A9F-4267-B2A1-2627F2F946EF}.Release|Any CPU.Build.0 = Release|Any CPU
	EndGlobalSection
	GlobalSection(SolutionProperties) = preSolution
		HideSolutionNode = FALSE
	EndGlobalSection
	GlobalSection(ExtensibilityGlobals) = postSolution
		SolutionGuid = {E54F31CF-0A3D-42C6-9C40-1A4AA30F16ED}
	EndGlobalSection
EndGlobal
